# THIS IS AN AUTOGENERATED FILE. DO NOT EDIT THIS FILE DIRECTLY.
# yarn lockfile v1


storage-changed@^3.0.0:
  version "3.0.0"
  resolved "https://registry.yarnpkg.com/storage-changed/-/storage-changed-3.0.0.tgz#bb197b18261af1d5e73e75e09de7a54d45631c58"
  dependencies:
    storage-utilities "^0.0.0"

storage-utilities@^0.0.0:
  version "0.0.0"
  resolved "https://registry.yarnpkg.com/storage-utilities/-/storage-utilities-0.0.0.tgz#3522b988c43cae21f608c15cd626a57ff5263548"
